{
  "version": 4,
  "terraform_version": "1.10.3",
  "serial": 228,
  "lineage": "15077fc8-d27c-2bb7-f583-6c1bd6d06938",
  "outputs": {},
  "resources": [
    {
      "mode": "data",
      "type": "kubectl_path_documents",
      "name": "k8s_dashboard_rbac",
      "provider": "provider[\"registry.terraform.io/gavinbunney/kubectl\"]",
      "instances": [
        {
          "schema_version": 0,
          "attributes": {
            "disable_template": false,
            "documents": [
              "apiVersion: rbac.authorization.k8s.io/v1\nkind: ClusterRoleBinding\nmetadata:\n  namespace: kube-system\n  name: k8sadmin\nroleRef:\n  apiGroup: rbac.authorization.k8s.io\n  kind: ClusterRole\n  name: cluster-admin\nsubjects:\n  - kind: ServiceAccount\n    name: k8sadmin\n    namespace: kube-system",
              "apiVersion: v1\nkind: ServiceAccount\nmetadata:\n  name: k8sadmin\n  namespace: kube-system"
            ],
            "id": "0b1a25c40c7548c5d9d859acba09cb5b603770aa55c0f86c42e9bada6d158d1a",
            "manifests": {
              "/api/v1/namespaces/kube-system/serviceaccounts/k8sadmin": "apiVersion: v1\nkind: ServiceAccount\nmetadata:\n  name: k8sadmin\n  namespace: kube-system\n",
              "/apis/rbac.authorization.k8s.io/v1/namespaces/kube-system/clusterrolebindings/k8sadmin": "apiVersion: rbac.authorization.k8s.io/v1\nkind: ClusterRoleBinding\nmetadata:\n  name: k8sadmin\n  namespace: kube-system\nroleRef:\n  apiGroup: rbac.authorization.k8s.io\n  kind: ClusterRole\n  name: cluster-admin\nsubjects:\n- kind: ServiceAccount\n  name: k8sadmin\n  namespace: kube-system\n"
            },
            "pattern": "./k8s-dashboard/*.yaml",
            "sensitive_vars": null,
            "vars": null
          },
          "sensitive_attributes": [
            [
              {
                "type": "get_attr",
                "value": "sensitive_vars"
              }
            ]
          ]
        }
      ]
    },
    {
      "mode": "data",
      "type": "kubectl_path_documents",
      "name": "kube_state_metrics_svcmonitor",
      "provider": "provider[\"registry.terraform.io/gavinbunney/kubectl\"]",
      "instances": [
        {
          "schema_version": 0,
          "attributes": {
            "disable_template": false,
            "documents": [
              "apiVersion: monitoring.coreos.com/v1\nkind: ServiceMonitor\nmetadata:\n  name: kube-state-metrics\n  namespace: monitoring\n  labels:\n    prometheus: main\nspec:\n  selector:\n    matchLabels:\n      app.kubernetes.io/name: kube-state-metrics\n  namespaceSelector:\n    matchNames:\n      - kube-system\n  endpoints:\n    - port: http-metrics\n      interval: 10s"
            ],
            "id": "5f5160289a2e1a42880b4aedd6c64af3b7e83d57b3c279df932207436047002f",
            "manifests": {
              "/apis/monitoring.coreos.com/v1/namespaces/monitoring/servicemonitors/kube-state-metrics": "apiVersion: monitoring.coreos.com/v1\nkind: ServiceMonitor\nmetadata:\n  labels:\n    prometheus: main\n  name: kube-state-metrics\n  namespace: monitoring\nspec:\n  endpoints:\n  - interval: 10s\n    port: http-metrics\n  namespaceSelector:\n    matchNames:\n    - kube-system\n  selector:\n    matchLabels:\n      app.kubernetes.io/name: kube-state-metrics\n"
            },
            "pattern": "./k8s-state-metrics/*.yaml",
            "sensitive_vars": null,
            "vars": null
          },
          "sensitive_attributes": [
            [
              {
                "type": "get_attr",
                "value": "sensitive_vars"
              }
            ]
          ]
        }
      ]
    },
    {
      "mode": "managed",
      "type": "helm_release",
      "name": "k8s_dashboard",
      "provider": "provider[\"registry.terraform.io/hashicorp/helm\"]",
      "instances": [
        {
          "schema_version": 1,
          "attributes": {
            "atomic": false,
            "chart": "kubernetes-dashboard",
            "cleanup_on_fail": false,
            "create_namespace": true,
            "dependency_update": false,
            "description": null,
            "devel": null,
            "disable_crd_hooks": false,
            "disable_openapi_validation": false,
            "disable_webhooks": false,
            "force_update": false,
            "id": "k8s-dashboard",
            "keyring": null,
            "lint": false,
            "manifest": null,
            "max_history": 0,
            "metadata": [
              {
                "app_version": "",
                "chart": "kubernetes-dashboard",
                "first_deployed": 1736508252,
                "last_deployed": 1736508252,
                "name": "k8s-dashboard",
                "namespace": "kubernetes-dashboard",
                "notes": "To connect to Kong, please execute the following commands:\nexport PROXY_IP=${HOST}:${PORT}\ncurl $PROXY_IP\n\nOnce installed, please follow along the getting started guide to start using\nKong: https://docs.konghq.com/kubernetes-ingress-controller/latest/guides/getting-started/\n\n\n*************************************************************************************************\n*** PLEASE BE PATIENT: Kubernetes Dashboard may need a few minutes to get up and become ready ***\n*************************************************************************************************\n\nCongratulations! You have just installed Kubernetes Dashboard in your cluster.\n\nTo access Dashboard run:\n  kubectl -n kubernetes-dashboard port-forward svc/k8s-dashboard-kong-proxy 8443:443\n\nNOTE: In case port-forward command does not work, make sure that kong service name is correct.\n      Check the services in Kubernetes Dashboard namespace using:\n        kubectl -n kubernetes-dashboard get svc\n\nDashboard will be available at:\n  https://localhost:8443\n\n\n",
                "revision": 1,
                "values": "{}",
                "version": "7.10.0"
              }
            ],
            "name": "k8s-dashboard",
            "namespace": "kubernetes-dashboard",
            "pass_credentials": false,
            "postrender": [],
            "recreate_pods": false,
            "render_subchart_notes": true,
            "replace": false,
            "repository": "https://kubernetes.github.io/dashboard/",
            "repository_ca_file": null,
            "repository_cert_file": null,
            "repository_key_file": null,
            "repository_password": null,
            "repository_username": null,
            "reset_values": false,
            "reuse_values": false,
            "set": [],
            "set_list": [],
            "set_sensitive": [],
            "skip_crds": false,
            "status": "deployed",
            "timeout": 300,
            "upgrade_install": null,
            "values": null,
            "verify": false,
            "version": "7.10.0",
            "wait": true,
            "wait_for_jobs": false
          },
          "sensitive_attributes": [
            [
              {
                "type": "get_attr",
                "value": "repository_password"
              }
            ]
          ],
          "private": "eyJzY2hlbWFfdmVyc2lvbiI6IjEifQ=="
        }
      ]
    },
    {
      "mode": "managed",
      "type": "helm_release",
      "name": "kube_state_metrics",
      "provider": "provider[\"registry.terraform.io/hashicorp/helm\"]",
      "instances": [
        {
          "schema_version": 1,
          "attributes": {
            "atomic": false,
            "chart": "kube-state-metrics",
            "cleanup_on_fail": false,
            "create_namespace": true,
            "dependency_update": false,
            "description": null,
            "devel": null,
            "disable_crd_hooks": false,
            "disable_openapi_validation": false,
            "disable_webhooks": false,
            "force_update": false,
            "id": "kube-state-metrics",
            "keyring": null,
            "lint": false,
            "manifest": null,
            "max_history": 0,
            "metadata": [
              {
                "app_version": "2.14.0",
                "chart": "kube-state-metrics",
                "first_deployed": 1736508251,
                "last_deployed": 1736508251,
                "name": "kube-state-metrics",
                "namespace": "kube-system",
                "notes": "kube-state-metrics is a simple service that listens to the Kubernetes API server and generates metrics about the state of the objects.\nThe exposed metrics can be found here:\nhttps://github.com/kubernetes/kube-state-metrics/blob/master/docs/README.md#exposed-metrics\n\nThe metrics are exported on the HTTP endpoint /metrics on the listening port.\nIn your case, kube-state-metrics.kube-system.svc.cluster.local:8080/metrics\n\nThey are served either as plaintext or protobuf depending on the Accept header.\nThey are designed to be consumed either by Prometheus itself or by a scraper that is compatible with scraping a Prometheus client endpoint.\n",
                "revision": 1,
                "values": "{\"Prometheus\":{\"monitor\":{\"namespace\":\"monitoring\"}}}",
                "version": "5.27.1"
              }
            ],
            "name": "kube-state-metrics",
            "namespace": "kube-system",
            "pass_credentials": false,
            "postrender": [],
            "recreate_pods": false,
            "render_subchart_notes": true,
            "replace": false,
            "repository": "https://prometheus-community.github.io/helm-charts",
            "repository_ca_file": null,
            "repository_cert_file": null,
            "repository_key_file": null,
            "repository_password": null,
            "repository_username": null,
            "reset_values": false,
            "reuse_values": false,
            "set": [
              {
                "name": "Prometheus.monitor.namespace",
                "type": "",
                "value": "monitoring"
              }
            ],
            "set_list": [],
            "set_sensitive": [],
            "skip_crds": false,
            "status": "deployed",
            "timeout": 300,
            "upgrade_install": null,
            "values": null,
            "verify": false,
            "version": "5.27.1",
            "wait": true,
            "wait_for_jobs": false
          },
          "sensitive_attributes": [
            [
              {
                "type": "get_attr",
                "value": "repository_password"
              }
            ]
          ],
          "private": "eyJzY2hlbWFfdmVyc2lvbiI6IjEifQ=="
        }
      ]
    },
    {
      "mode": "managed",
      "type": "helm_release",
      "name": "prometheus_node_exporter",
      "provider": "provider[\"registry.terraform.io/hashicorp/helm\"]",
      "instances": [
        {
          "schema_version": 1,
          "attributes": {
            "atomic": false,
            "chart": "prometheus-node-exporter",
            "cleanup_on_fail": false,
            "create_namespace": true,
            "dependency_update": false,
            "description": null,
            "devel": null,
            "disable_crd_hooks": false,
            "disable_openapi_validation": false,
            "disable_webhooks": false,
            "force_update": false,
            "id": "node-exporter",
            "keyring": null,
            "lint": false,
            "manifest": null,
            "max_history": 0,
            "metadata": [
              {
                "app_version": "1.8.2",
                "chart": "prometheus-node-exporter",
                "first_deployed": 1736508258,
                "last_deployed": 1736508258,
                "name": "node-exporter",
                "namespace": "monitoring",
                "notes": "1. Get the application URL by running these commands:\n  export POD_NAME=$(kubectl get pods --namespace monitoring -l \"app.kubernetes.io/name=prometheus-node-exporter,app.kubernetes.io/instance=node-exporter\" -o jsonpath=\"{.items[0].metadata.name}\")\n  echo \"Visit http://127.0.0.1:9100 to use your application\"\n  kubectl port-forward --namespace monitoring $POD_NAME 9100",
                "revision": 1,
                "values": "{\"prometheus\":{\"monitor\":{\"enabled\":true,\"namespace\":\"monitoring\"},\"podMonitor\":{\"additionalLabels\":{\"prometheus\":\"main\"},\"enabled\":true,\"namespace\":\"monitoring\"}},\"service\":{\"portName\":\"node-exporter\"}}",
                "version": "4.43.1"
              }
            ],
            "name": "node-exporter",
            "namespace": "monitoring",
            "pass_credentials": false,
            "postrender": [],
            "recreate_pods": false,
            "render_subchart_notes": true,
            "replace": false,
            "repository": "https://prometheus-community.github.io/helm-charts",
            "repository_ca_file": null,
            "repository_cert_file": null,
            "repository_key_file": null,
            "repository_password": null,
            "repository_username": null,
            "reset_values": false,
            "reuse_values": false,
            "set": [
              {
                "name": "prometheus.monitor.enabled",
                "type": "",
                "value": "true"
              },
              {
                "name": "prometheus.monitor.namespace",
                "type": "",
                "value": "monitoring"
              },
              {
                "name": "prometheus.podMonitor.additionalLabels.prometheus",
                "type": "",
                "value": "main"
              },
              {
                "name": "prometheus.podMonitor.enabled",
                "type": "",
                "value": "true"
              },
              {
                "name": "prometheus.podMonitor.namespace",
                "type": "",
                "value": "monitoring"
              },
              {
                "name": "service.portName",
                "type": "",
                "value": "node-exporter"
              }
            ],
            "set_list": [],
            "set_sensitive": [],
            "skip_crds": false,
            "status": "deployed",
            "timeout": 300,
            "upgrade_install": null,
            "values": null,
            "verify": false,
            "version": "4.43.1",
            "wait": true,
            "wait_for_jobs": false
          },
          "sensitive_attributes": [
            [
              {
                "type": "get_attr",
                "value": "repository_password"
              }
            ]
          ],
          "private": "eyJzY2hlbWFfdmVyc2lvbiI6IjEifQ=="
        }
      ]
    },
    {
      "mode": "managed",
      "type": "kubectl_manifest",
      "name": "k8s_dashboard_rbac",
      "provider": "provider[\"registry.terraform.io/gavinbunney/kubectl\"]",
      "instances": [
        {
          "index_key": "apiVersion: rbac.authorization.k8s.io/v1\nkind: ClusterRoleBinding\nmetadata:\n  namespace: kube-system\n  name: k8sadmin\nroleRef:\n  apiGroup: rbac.authorization.k8s.io\n  kind: ClusterRole\n  name: cluster-admin\nsubjects:\n  - kind: ServiceAccount\n    name: k8sadmin\n    namespace: kube-system",
          "schema_version": 1,
          "attributes": {
            "api_version": "rbac.authorization.k8s.io/v1",
            "apply_only": false,
            "force_conflicts": false,
            "force_new": false,
            "id": "/apis/rbac.authorization.k8s.io/v1/clusterrolebindings/k8sadmin",
            "ignore_fields": null,
            "kind": "ClusterRoleBinding",
            "live_manifest_incluster": "962cb2c5e69021c032cbd3438ec6616894058c092ab1a582803d773a02f1dd2c",
            "live_uid": "87a77d68-bc89-491e-8e80-06d330f65d8d",
            "name": "k8sadmin",
            "namespace": "kube-system",
            "override_namespace": null,
            "sensitive_fields": null,
            "server_side_apply": false,
            "timeouts": null,
            "uid": "87a77d68-bc89-491e-8e80-06d330f65d8d",
            "validate_schema": true,
            "wait": null,
            "wait_for_rollout": true,
            "yaml_body": "apiVersion: rbac.authorization.k8s.io/v1\nkind: ClusterRoleBinding\nmetadata:\n  namespace: kube-system\n  name: k8sadmin\nroleRef:\n  apiGroup: rbac.authorization.k8s.io\n  kind: ClusterRole\n  name: cluster-admin\nsubjects:\n  - kind: ServiceAccount\n    name: k8sadmin\n    namespace: kube-system",
            "yaml_body_parsed": "apiVersion: rbac.authorization.k8s.io/v1\nkind: ClusterRoleBinding\nmetadata:\n  name: k8sadmin\n  namespace: kube-system\nroleRef:\n  apiGroup: rbac.authorization.k8s.io\n  kind: ClusterRole\n  name: cluster-admin\nsubjects:\n- kind: ServiceAccount\n  name: k8sadmin\n  namespace: kube-system\n",
            "yaml_incluster": "962cb2c5e69021c032cbd3438ec6616894058c092ab1a582803d773a02f1dd2c"
          },
          "sensitive_attributes": [
            [
              {
                "type": "get_attr",
                "value": "yaml_body"
              }
            ],
            [
              {
                "type": "get_attr",
                "value": "yaml_incluster"
              }
            ],
            [
              {
                "type": "get_attr",
                "value": "live_manifest_incluster"
              }
            ]
          ],
          "private": "eyJlMmJmYjczMC1lY2FhLTExZTYtOGY4OC0zNDM2M2JjN2M0YzAiOnsiY3JlYXRlIjo2MDAwMDAwMDAwMDB9LCJzY2hlbWFfdmVyc2lvbiI6IjEifQ==",
          "dependencies": [
            "data.kubectl_path_documents.k8s_dashboard_rbac",
            "helm_release.k8s_dashboard"
          ]
        },
        {
          "index_key": "apiVersion: v1\nkind: ServiceAccount\nmetadata:\n  name: k8sadmin\n  namespace: kube-system",
          "schema_version": 1,
          "attributes": {
            "api_version": "v1",
            "apply_only": false,
            "force_conflicts": false,
            "force_new": false,
            "id": "/api/v1/namespaces/kube-system/serviceaccounts/k8sadmin",
            "ignore_fields": null,
            "kind": "ServiceAccount",
            "live_manifest_incluster": "eac0a06bb9c9968c5727e1d7aae7b76fbe2d5ddb26206aae53e643b108a524fb",
            "live_uid": "b0ad1d26-6bbd-4d69-93a1-0cc66a366e53",
            "name": "k8sadmin",
            "namespace": "kube-system",
            "override_namespace": null,
            "sensitive_fields": null,
            "server_side_apply": false,
            "timeouts": null,
            "uid": "b0ad1d26-6bbd-4d69-93a1-0cc66a366e53",
            "validate_schema": true,
            "wait": null,
            "wait_for_rollout": true,
            "yaml_body": "apiVersion: v1\nkind: ServiceAccount\nmetadata:\n  name: k8sadmin\n  namespace: kube-system",
            "yaml_body_parsed": "apiVersion: v1\nkind: ServiceAccount\nmetadata:\n  name: k8sadmin\n  namespace: kube-system\n",
            "yaml_incluster": "eac0a06bb9c9968c5727e1d7aae7b76fbe2d5ddb26206aae53e643b108a524fb"
          },
          "sensitive_attributes": [
            [
              {
                "type": "get_attr",
                "value": "live_manifest_incluster"
              }
            ],
            [
              {
                "type": "get_attr",
                "value": "yaml_body"
              }
            ],
            [
              {
                "type": "get_attr",
                "value": "yaml_incluster"
              }
            ]
          ],
          "private": "eyJlMmJmYjczMC1lY2FhLTExZTYtOGY4OC0zNDM2M2JjN2M0YzAiOnsiY3JlYXRlIjo2MDAwMDAwMDAwMDB9LCJzY2hlbWFfdmVyc2lvbiI6IjEifQ==",
          "dependencies": [
            "data.kubectl_path_documents.k8s_dashboard_rbac",
            "helm_release.k8s_dashboard"
          ]
        }
      ]
    },
    {
      "mode": "managed",
      "type": "kubectl_manifest",
      "name": "kube_state_metrics_svcmonitor",
      "provider": "provider[\"registry.terraform.io/gavinbunney/kubectl\"]",
      "instances": [
        {
          "index_key": "apiVersion: monitoring.coreos.com/v1\nkind: ServiceMonitor\nmetadata:\n  name: kube-state-metrics\n  namespace: monitoring\n  labels:\n    prometheus: main\nspec:\n  selector:\n    matchLabels:\n      app.kubernetes.io/name: kube-state-metrics\n  namespaceSelector:\n    matchNames:\n      - kube-system\n  endpoints:\n    - port: http-metrics\n      interval: 10s",
          "schema_version": 1,
          "attributes": {
            "api_version": "monitoring.coreos.com/v1",
            "apply_only": false,
            "force_conflicts": false,
            "force_new": false,
            "id": "/apis/monitoring.coreos.com/v1/namespaces/monitoring/servicemonitors/kube-state-metrics",
            "ignore_fields": null,
            "kind": "ServiceMonitor",
            "live_manifest_incluster": "4c997eb438bb5847b9f801522b88f2cddc740777185bad587665fee38236c6bb",
            "live_uid": "5927b39f-3bdd-4be7-b47c-8ff72f9a4794",
            "name": "kube-state-metrics",
            "namespace": "monitoring",
            "override_namespace": null,
            "sensitive_fields": null,
            "server_side_apply": false,
            "timeouts": null,
            "uid": "5927b39f-3bdd-4be7-b47c-8ff72f9a4794",
            "validate_schema": true,
            "wait": null,
            "wait_for_rollout": true,
            "yaml_body": "apiVersion: monitoring.coreos.com/v1\nkind: ServiceMonitor\nmetadata:\n  name: kube-state-metrics\n  namespace: monitoring\n  labels:\n    prometheus: main\nspec:\n  selector:\n    matchLabels:\n      app.kubernetes.io/name: kube-state-metrics\n  namespaceSelector:\n    matchNames:\n      - kube-system\n  endpoints:\n    - port: http-metrics\n      interval: 10s",
            "yaml_body_parsed": "apiVersion: monitoring.coreos.com/v1\nkind: ServiceMonitor\nmetadata:\n  labels:\n    prometheus: main\n  name: kube-state-metrics\n  namespace: monitoring\nspec:\n  endpoints:\n  - interval: 10s\n    port: http-metrics\n  namespaceSelector:\n    matchNames:\n    - kube-system\n  selector:\n    matchLabels:\n      app.kubernetes.io/name: kube-state-metrics\n",
            "yaml_incluster": "4c997eb438bb5847b9f801522b88f2cddc740777185bad587665fee38236c6bb"
          },
          "sensitive_attributes": [
            [
              {
                "type": "get_attr",
                "value": "yaml_incluster"
              }
            ],
            [
              {
                "type": "get_attr",
                "value": "live_manifest_incluster"
              }
            ],
            [
              {
                "type": "get_attr",
                "value": "yaml_body"
              }
            ]
          ],
          "private": "eyJlMmJmYjczMC1lY2FhLTExZTYtOGY4OC0zNDM2M2JjN2M0YzAiOnsiY3JlYXRlIjo2MDAwMDAwMDAwMDB9LCJzY2hlbWFfdmVyc2lvbiI6IjEifQ==",
          "dependencies": [
            "data.kubectl_path_documents.kube_state_metrics_svcmonitor",
            "helm_release.kube_state_metrics"
          ]
        }
      ]
    }
  ],
  "check_results": null
}
